
Microsoft Visual Studio Solution File, Format Version 12.00
# Visual Studio Version 17
VisualStudioVersion = 17.7.34202.233
MinimumVisualStudioVersion = 10.0.40219.1
Project("{9A19103F-16F7-4668-BE54-9A1E7A4F7556}") = "hellfish", "hellfish\hellfish.csproj", "{AE9CBBCD-EB10-48BF-A06C-65E8016795CD}"
EndProject
Global
	GlobalSection(SolutionConfigurationPlatforms) = preSolution
		Debug|Any CPU = Debug|Any CPU
		Release|Any CPU = Release|Any CPU
	EndGlobalSection
	GlobalSection(ProjectConfigurationPlatforms) = postSolution
		{AE9CBBCD-EB10-48BF-A06C-65E8016795CD}.Debug|Any CPU.ActiveCfg = Debug|Any CPU
		{AE9CBBCD-EB10-48BF-A06C-65E8016795CD}.Debug|Any CPU.Build.0 = Debug|Any CPU
		{AE9CBBCD-EB10-48BF-A06C-65E8016795CD}.Release|Any CPU.ActiveCfg = Release|Any CPU
		{AE9CBBCD-EB10-48BF-A06C-65E8016795CD}.Release|Any CPU.Build.0 = Release|Any CPU
	EndGlobalSection
	GlobalSection(SolutionProperties) = preSolution
		HideSolutionNode = FALSE
	EndGlobalSection
	GlobalSection(ExtensibilityGlobals) = postSolution
		SolutionGuid = {E68CE746-12BA-4D40-B7B1-CFD3121F92A4}
	EndGlobalSection
EndGlobal
